
Microsoft Visual Studio Solution File, Format Version 12.00
# Visual Studio Version 17
VisualStudioVersion = 17.9.34728.123
MinimumVisualStudioVersion = 10.0.40219.1
Project("{2150E333-8FDC-42A3-9474-1A3956D46DE8}") = "FrontEnd", "FrontEnd", "{B7D3E6D4-D805-40C3-965A-8F3E706448DF}"
EndProject
Project("{2150E333-8FDC-42A3-9474-1A3956D46DE8}") = "Gateway", "Gateway", "{D86B7559-81EA-45EE-8B4E-4E254323092B}"
EndProject
Project("{2150E333-8FDC-42A3-9474-1A3956D46DE8}") = "Integration", "Integration", "{8C67B6E2-F810-4DBC-84EC-3F5738BA7C79}"
EndProject
Project("{2150E333-8FDC-42A3-9474-1A3956D46DE8}") = "Services", "Services", "{97CA0FF2-D2B9-470A-942A-323DC7E3B8E1}"
EndProject
Project("{FAE04EC0-301F-11D3-BF4B-00C04F79EFBC}") = "Mango.Services.CouponAPI", "Mango.Services.CouponAPI\Mango.Services.CouponAPI.csproj", "{F56A5527-5148-41DD-90DE-BE9AC7BB7BE7}"
EndProject
Global
	GlobalSection(SolutionConfigurationPlatforms) = preSolution
		Debug|Any CPU = Debug|Any CPU
		Release|Any CPU = Release|Any CPU
	EndGlobalSection
	GlobalSection(ProjectConfigurationPlatforms) = postSolution
		{F56A5527-5148-41DD-90DE-BE9AC7BB7BE7}.Debug|Any CPU.ActiveCfg = Debug|Any CPU
		{F56A5527-5148-41DD-90DE-BE9AC7BB7BE7}.Debug|Any CPU.Build.0 = Debug|Any CPU
		{F56A5527-5148-41DD-90DE-BE9AC7BB7BE7}.Release|Any CPU.ActiveCfg = Release|Any CPU
		{F56A5527-5148-41DD-90DE-BE9AC7BB7BE7}.Release|Any CPU.Build.0 = Release|Any CPU
	EndGlobalSection
	GlobalSection(SolutionProperties) = preSolution
		HideSolutionNode = FALSE
	EndGlobalSection
	GlobalSection(NestedProjects) = preSolution
		{F56A5527-5148-41DD-90DE-BE9AC7BB7BE7} = {97CA0FF2-D2B9-470A-942A-323DC7E3B8E1}
	EndGlobalSection
	GlobalSection(ExtensibilityGlobals) = postSolution
		SolutionGuid = {EAA24AE7-29C0-419C-A7D7-F47F88F068E8}
	EndGlobalSection
EndGlobal
